
Microsoft Visual Studio Solution File, Format Version 12.00
# Visual Studio Version 17
VisualStudioVersion = 17.8.34309.116
MinimumVisualStudioVersion = 10.0.40219.1
Project("{9A19103F-16F7-4668-BE54-9A1E7A4F7556}") = "Client", "Client.csproj", "{4137C463-4F14-41F7-A7AA-7D3E3F61F469}"
EndProject
Global
	GlobalSection(SolutionConfigurationPlatforms) = preSolution
		Debug|Any CPU = Debug|Any CPU
		Release|Any CPU = Release|Any CPU
	EndGlobalSection
	GlobalSection(ProjectConfigurationPlatforms) = postSolution
		{4137C463-4F14-41F7-A7AA-7D3E3F61F469}.Debug|Any CPU.ActiveCfg = Debug|Any CPU
		{4137C463-4F14-41F7-A7AA-7D3E3F61F469}.Debug|Any CPU.Build.0 = Debug|Any CPU
		{4137C463-4F14-41F7-A7AA-7D3E3F61F469}.Release|Any CPU.ActiveCfg = Release|Any CPU
		{4137C463-4F14-41F7-A7AA-7D3E3F61F469}.Release|Any CPU.Build.0 = Release|Any CPU
	EndGlobalSection
	GlobalSection(SolutionProperties) = preSolution
		HideSolutionNode = FALSE
	EndGlobalSection
	GlobalSection(ExtensibilityGlobals) = postSolution
		SolutionGuid = {3D9B3DEA-5E36-4C78-BCEC-871DD372D707}
	EndGlobalSection
EndGlobal
