
Microsoft Visual Studio Solution File, Format Version 12.00
# Visual Studio Version 17
VisualStudioVersion = 17.8.34309.116
MinimumVisualStudioVersion = 10.0.40219.1
Project("{9A19103F-16F7-4668-BE54-9A1E7A4F7556}") = "QueueService", "QueueService.csproj", "{D1CFC883-AA5D-46BD-89E8-2F898EEA5DFB}"
EndProject
Project("{9A19103F-16F7-4668-BE54-9A1E7A4F7556}") = "Contracts", "..\Contracts\Contracts.csproj", "{559E3788-7D67-4CEA-A283-F8FB9C05C1E8}"
EndProject
Project("{FAE04EC0-301F-11D3-BF4B-00C04F79EFBC}") = "QueueSerivceTests", "..\QueueSerivceTests\QueueSerivceTests.csproj", "{D6288974-4E15-4F0D-AD79-E9B7BFFE4C74}"
EndProject
Global
	GlobalSection(SolutionConfigurationPlatforms) = preSolution
		Debug|Any CPU = Debug|Any CPU
		Release|Any CPU = Release|Any CPU
	EndGlobalSection
	GlobalSection(ProjectConfigurationPlatforms) = postSolution
		{D1CFC883-AA5D-46BD-89E8-2F898EEA5DFB}.Debug|Any CPU.ActiveCfg = Debug|Any CPU
		{D1CFC883-AA5D-46BD-89E8-2F898EEA5DFB}.Debug|Any CPU.Build.0 = Debug|Any CPU
		{D1CFC883-AA5D-46BD-89E8-2F898EEA5DFB}.Release|Any CPU.ActiveCfg = Release|Any CPU
		{D1CFC883-AA5D-46BD-89E8-2F898EEA5DFB}.Release|Any CPU.Build.0 = Release|Any CPU
		{559E3788-7D67-4CEA-A283-F8FB9C05C1E8}.Debug|Any CPU.ActiveCfg = Debug|Any CPU
		{559E3788-7D67-4CEA-A283-F8FB9C05C1E8}.Debug|Any CPU.Build.0 = Debug|Any CPU
		{559E3788-7D67-4CEA-A283-F8FB9C05C1E8}.Release|Any CPU.ActiveCfg = Release|Any CPU
		{559E3788-7D67-4CEA-A283-F8FB9C05C1E8}.Release|Any CPU.Build.0 = Release|Any CPU
		{D6288974-4E15-4F0D-AD79-E9B7BFFE4C74}.Debug|Any CPU.ActiveCfg = Debug|Any CPU
		{D6288974-4E15-4F0D-AD79-E9B7BFFE4C74}.Debug|Any CPU.Build.0 = Debug|Any CPU
		{D6288974-4E15-4F0D-AD79-E9B7BFFE4C74}.Release|Any CPU.ActiveCfg = Release|Any CPU
		{D6288974-4E15-4F0D-AD79-E9B7BFFE4C74}.Release|Any CPU.Build.0 = Release|Any CPU
	EndGlobalSection
	GlobalSection(SolutionProperties) = preSolution
		HideSolutionNode = FALSE
	EndGlobalSection
	GlobalSection(ExtensibilityGlobals) = postSolution
		SolutionGuid = {DC9195ED-B207-4BD3-807D-D38D686AE039}
	EndGlobalSection
EndGlobal
